
Microsoft Visual Studio Solution File, Format Version 12.00
# Visual Studio 15
VisualStudioVersion = 15.0.27428.2015
MinimumVisualStudioVersion = 10.0.40219.1
Project("{FAE04EC0-301F-11D3-BF4B-00C04F79EFBC}") = "image_to_h", "image_to_h\image_to_h.csproj", "{CB80F3CD-0C26-43EA-BFF3-CC4A0ECAA09E}"
EndProject
Global
	GlobalSection(SolutionConfigurationPlatforms) = preSolution
		Debug|Any CPU = Debug|Any CPU
		Release|Any CPU = Release|Any CPU
	EndGlobalSection
	GlobalSection(ProjectConfigurationPlatforms) = postSolution
		{CB80F3CD-0C26-43EA-BFF3-CC4A0ECAA09E}.Debug|Any CPU.ActiveCfg = Debug|Any CPU
		{CB80F3CD-0C26-43EA-BFF3-CC4A0ECAA09E}.Debug|Any CPU.Build.0 = Debug|Any CPU
		{CB80F3CD-0C26-43EA-BFF3-CC4A0ECAA09E}.Release|Any CPU.ActiveCfg = Release|Any CPU
		{CB80F3CD-0C26-43EA-BFF3-CC4A0ECAA09E}.Release|Any CPU.Build.0 = Release|Any CPU
	EndGlobalSection
	GlobalSection(SolutionProperties) = preSolution
		HideSolutionNode = FALSE
	EndGlobalSection
	GlobalSection(ExtensibilityGlobals) = postSolution
		SolutionGuid = {9604DF7D-AE20-4328-B040-ECC226D82C7A}
	EndGlobalSection
EndGlobal
